{
  "nodes": {
    "ags": {
      "inputs": {
        "astal": [
          "astal"
        ],
        "gnim": "gnim",
        "nixpkgs": [
          "nixpkgs"
        ]
      },
      "locked": {
        "lastModified": 1749988163,
        "narHash": "sha256-7zi1xPU0JdCEfhkh77/PLIFu+rw1BXumBTSsHzcRh2w=",
        "owner": "aylur",
        "repo": "ags",
        "rev": "a887fa51fc7d1c4bce41a913acb57b707e14caea",
        "type": "github"
      },
      "original": {
        "owner": "aylur",
        "ref": "v3",
        "repo": "ags",
        "type": "github"
      }
    },
    "astal": {
      "inputs": {
        "nixpkgs": [
          "nixpkgs"
        ]
      },
      "locked": {
        "lastModified": 1750020774,
        "narHash": "sha256-43lMH+9/0EHRhMuNvvo3Izvp1wXyMcSKRi8F2wSTepY=",
        "owner": "aylur",
        "repo": "astal",
        "rev": "ca3190d077d09b9597e7de471a8e388a08f112e9",
        "type": "github"
      },
      "original": {
        "owner": "aylur",
        "repo": "astal",
        "type": "github"
      }
    },
    "gnim": {
      "flake": false,
      "locked": {
        "lastModified": 1749847288,
        "narHash": "sha256-IyDEhWavFqlcJZm3XHZeBXgC+TbPK5ShzBSeI5P5+JA=",
        "owner": "aylur",
        "repo": "gnim",
        "rev": "f9fe18c38a5e13b216529113898de605957cbf9e",
        "type": "github"
      },
      "original": {
        "owner": "aylur",
        "repo": "gnim",
        "type": "github"
      }
    },
    "nixpkgs": {
      "locked": {
        "lastModified": 1749794982,
        "narHash": "sha256-Kh9K4taXbVuaLC0IL+9HcfvxsSUx8dPB5s5weJcc9pc=",
        "owner": "nixos",
        "repo": "nixpkgs",
        "rev": "ee930f9755f58096ac6e8ca94a1887e0534e2d81",
        "type": "github"
      },
      "original": {
        "owner": "nixos",
        "ref": "nixos-unstable",
        "repo": "nixpkgs",
        "type": "github"
      }
    },
    "root": {
      "inputs": {
        "ags": "ags",
        "astal": "astal",
        "nixpkgs": "nixpkgs"
      }
    }
  },
  "root": "root",
  "version": 7
}
